// !$*UTF8*$!
{
	archiveVersion = 1;
	classes = {
	};
	objectVersion = 56;
	objects = {

/* Begin PBXBuildFile section */
		16B1AE522D35A05F0075096C /* Workout_App_for_iOSApp.swift in Sources */ = {isa = PBXBuildFile; fileRef = 16B59AB82D316C3D00231D09 /* Workout_App_for_iOSApp.swift */; };
		16B1AE532D35A05F0075096C /* ContentView.swift in Sources */ = {isa = PBXBuildFile; fileRef = 16B59ABA2D316C3D00231D09 /* ContentView.swift */; };
		16B1AE542D35A05F0075096C /* PersistenceController.swift in Sources */ = {isa = PBXBuildFile; fileRef = 16B59AF32D3421F400231D09 /* PersistenceController.swift */; };
		16B1AE552D35A05F0075096C /* Welcome_Screen.swift in Sources */ = {isa = PBXBuildFile; fileRef = 16B59AE42D316D9200231D09 /* Welcome_Screen.swift */; };
		16B1AE562D35A05F0075096C /* WorkoutSelectorScreen.swift in Sources */ = {isa = PBXBuildFile; fileRef = 16B59AE82D31707D00231D09 /* WorkoutSelectorScreen.swift */; };
		16B1AE692D361E920075096C /* JWWeekEntity+CoreDataClass.swift in Sources */ = {isa = PBXBuildFile; fileRef = 16B1AE632D361E920075096C /* JWWeekEntity+CoreDataClass.swift */; };
		16B1AE6A2D361E920075096C /* JWWeekEntity+CoreDataProperties.swift in Sources */ = {isa = PBXBuildFile; fileRef = 16B1AE642D361E920075096C /* JWWeekEntity+CoreDataProperties.swift */; };
		16B1AE6B2D361E920075096C /* JWWorkoutEntity+CoreDataClass.swift in Sources */ = {isa = PBXBuildFile; fileRef = 16B1AE652D361E920075096C /* JWWorkoutEntity+CoreDataClass.swift */; };
		16B1AE6C2D361E920075096C /* JWWorkoutEntity+CoreDataProperties.swift in Sources */ = {isa = PBXBuildFile; fileRef = 16B1AE662D361E920075096C /* JWWorkoutEntity+CoreDataProperties.swift */; };
		16B1AE6D2D361E920075096C /* JWWorkoutDayEntity+CoreDataClass.swift in Sources */ = {isa = PBXBuildFile; fileRef = 16B1AE672D361E920075096C /* JWWorkoutDayEntity+CoreDataClass.swift */; };
		16B1AE6E2D361E920075096C /* JWWorkoutDayEntity+CoreDataProperties.swift in Sources */ = {isa = PBXBuildFile; fileRef = 16B1AE682D361E920075096C /* JWWorkoutDayEntity+CoreDataProperties.swift */; };
		16B1AE702D361FEF0075096C /* DataModel.xcdatamodeld in Resources */ = {isa = PBXBuildFile; fileRef = 16B59AF02D34218600231D09 /* DataModel.xcdatamodeld */; };
		16B59ABD2D316C3F00231D09 /* Assets.xcassets in Resources */ = {isa = PBXBuildFile; fileRef = 16B59ABC2D316C3F00231D09 /* Assets.xcassets */; };
		16B59AC02D316C3F00231D09 /* Preview Assets.xcassets in Resources */ = {isa = PBXBuildFile; fileRef = 16B59ABF2D316C3F00231D09 /* Preview Assets.xcassets */; };
		16B59ACA2D316C3F00231D09 /* Workout_App_for_iOSTests.swift in Sources */ = {isa = PBXBuildFile; fileRef = 16B59AC92D316C3F00231D09 /* Workout_App_for_iOSTests.swift */; };
		16B59AD42D316C3F00231D09 /* Workout_App_for_iOSUITests.swift in Sources */ = {isa = PBXBuildFile; fileRef = 16B59AD32D316C3F00231D09 /* Workout_App_for_iOSUITests.swift */; };
		16B59AD62D316C3F00231D09 /* Workout_App_for_iOSUITestsLaunchTests.swift in Sources */ = {isa = PBXBuildFile; fileRef = 16B59AD52D316C3F00231D09 /* Workout_App_for_iOSUITestsLaunchTests.swift */; };
		16B59AED2D34213400231D09 /* CoreData.framework in Frameworks */ = {isa = PBXBuildFile; fileRef = 16B59AEB2D34211F00231D09 /* CoreData.framework */; };
/* End PBXBuildFile section */

/* Begin PBXContainerItemProxy section */
		16B59AC62D316C3F00231D09 /* PBXContainerItemProxy */ = {
			isa = PBXContainerItemProxy;
			containerPortal = 16B59AAD2D316C3D00231D09 /* Project object */;
			proxyType = 1;
			remoteGlobalIDString = 16B59AB42D316C3D00231D09;
			remoteInfo = "Workout App for iOS";
		};
		16B59AD02D316C3F00231D09 /* PBXContainerItemProxy */ = {
			isa = PBXContainerItemProxy;
			containerPortal = 16B59AAD2D316C3D00231D09 /* Project object */;
			proxyType = 1;
			remoteGlobalIDString = 16B59AB42D316C3D00231D09;
			remoteInfo = "Workout App for iOS";
		};
/* End PBXContainerItemProxy section */

/* Begin PBXFileReference section */
		16B1AE632D361E920075096C /* JWWeekEntity+CoreDataClass.swift */ = {isa = PBXFileReference; lastKnownFileType = sourcecode.swift; path = "JWWeekEntity+CoreDataClass.swift"; sourceTree = "<group>"; };
		16B1AE642D361E920075096C /* JWWeekEntity+CoreDataProperties.swift */ = {isa = PBXFileReference; lastKnownFileType = sourcecode.swift; path = "JWWeekEntity+CoreDataProperties.swift"; sourceTree = "<group>"; };
		16B1AE652D361E920075096C /* JWWorkoutEntity+CoreDataClass.swift */ = {isa = PBXFileReference; lastKnownFileType = sourcecode.swift; path = "JWWorkoutEntity+CoreDataClass.swift"; sourceTree = "<group>"; };
		16B1AE662D361E920075096C /* JWWorkoutEntity+CoreDataProperties.swift */ = {isa = PBXFileReference; lastKnownFileType = sourcecode.swift; path = "JWWorkoutEntity+CoreDataProperties.swift"; sourceTree = "<group>"; };
		16B1AE672D361E920075096C /* JWWorkoutDayEntity+CoreDataClass.swift */ = {isa = PBXFileReference; lastKnownFileType = sourcecode.swift; path = "JWWorkoutDayEntity+CoreDataClass.swift"; sourceTree = "<group>"; };
		16B1AE682D361E920075096C /* JWWorkoutDayEntity+CoreDataProperties.swift */ = {isa = PBXFileReference; lastKnownFileType = sourcecode.swift; path = "JWWorkoutDayEntity+CoreDataProperties.swift"; sourceTree = "<group>"; };
		16B59AB52D316C3D00231D09 /* Workout App for iOS.app */ = {isa = PBXFileReference; explicitFileType = wrapper.application; includeInIndex = 0; path = "Workout App for iOS.app"; sourceTree = BUILT_PRODUCTS_DIR; };
		16B59AB82D316C3D00231D09 /* Workout_App_for_iOSApp.swift */ = {isa = PBXFileReference; lastKnownFileType = sourcecode.swift; path = Workout_App_for_iOSApp.swift; sourceTree = "<group>"; };
		16B59ABA2D316C3D00231D09 /* ContentView.swift */ = {isa = PBXFileReference; lastKnownFileType = sourcecode.swift; path = ContentView.swift; sourceTree = "<group>"; };
		16B59ABC2D316C3F00231D09 /* Assets.xcassets */ = {isa = PBXFileReference; lastKnownFileType = folder.assetcatalog; path = Assets.xcassets; sourceTree = "<group>"; };
		16B59ABF2D316C3F00231D09 /* Preview Assets.xcassets */ = {isa = PBXFileReference; lastKnownFileType = folder.assetcatalog; path = "Preview Assets.xcassets"; sourceTree = "<group>"; };
		16B59AC52D316C3F00231D09 /* Workout App for iOSTests.xctest */ = {isa = PBXFileReference; explicitFileType = wrapper.cfbundle; includeInIndex = 0; path = "Workout App for iOSTests.xctest"; sourceTree = BUILT_PRODUCTS_DIR; };
		16B59AC92D316C3F00231D09 /* Workout_App_for_iOSTests.swift */ = {isa = PBXFileReference; lastKnownFileType = sourcecode.swift; path = Workout_App_for_iOSTests.swift; sourceTree = "<group>"; };
		16B59ACF2D316C3F00231D09 /* Workout App for iOSUITests.xctest */ = {isa = PBXFileReference; explicitFileType = wrapper.cfbundle; includeInIndex = 0; path = "Workout App for iOSUITests.xctest"; sourceTree = BUILT_PRODUCTS_DIR; };
		16B59AD32D316C3F00231D09 /* Workout_App_for_iOSUITests.swift */ = {isa = PBXFileReference; lastKnownFileType = sourcecode.swift; path = Workout_App_for_iOSUITests.swift; sourceTree = "<group>"; };
		16B59AD52D316C3F00231D09 /* Workout_App_for_iOSUITestsLaunchTests.swift */ = {isa = PBXFileReference; lastKnownFileType = sourcecode.swift; path = Workout_App_for_iOSUITestsLaunchTests.swift; sourceTree = "<group>"; };
		16B59AE42D316D9200231D09 /* Welcome_Screen.swift */ = {isa = PBXFileReference; lastKnownFileType = sourcecode.swift; path = Welcome_Screen.swift; sourceTree = "<group>"; };
		16B59AE82D31707D00231D09 /* WorkoutSelectorScreen.swift */ = {isa = PBXFileReference; lastKnownFileType = sourcecode.swift; path = WorkoutSelectorScreen.swift; sourceTree = "<group>"; };
		16B59AEB2D34211F00231D09 /* CoreData.framework */ = {isa = PBXFileReference; lastKnownFileType = wrapper.framework; name = CoreData.framework; path = System/Library/Frameworks/CoreData.framework; sourceTree = SDKROOT; };
		16B59AF12D34218600231D09 /* DataModel.xcdatamodel */ = {isa = PBXFileReference; lastKnownFileType = wrapper.xcdatamodel; path = DataModel.xcdatamodel; sourceTree = "<group>"; };
		16B59AF32D3421F400231D09 /* PersistenceController.swift */ = {isa = PBXFileReference; lastKnownFileType = sourcecode.swift; path = PersistenceController.swift; sourceTree = "<group>"; };
/* End PBXFileReference section */

/* Begin PBXFrameworksBuildPhase section */
		16B59AB22D316C3D00231D09 /* Frameworks */ = {
			isa = PBXFrameworksBuildPhase;
			buildActionMask = 2147483647;
			files = (
				16B59AED2D34213400231D09 /* CoreData.framework in Frameworks */,
			);
			runOnlyForDeploymentPostprocessing = 0;
		};
		16B59AC22D316C3F00231D09 /* Frameworks */ = {
			isa = PBXFrameworksBuildPhase;
			buildActionMask = 2147483647;
			files = (
			);
			runOnlyForDeploymentPostprocessing = 0;
		};
		16B59ACC2D316C3F00231D09 /* Frameworks */ = {
			isa = PBXFrameworksBuildPhase;
			buildActionMask = 2147483647;
			files = (
			);
			runOnlyForDeploymentPostprocessing = 0;
		};
/* End PBXFrameworksBuildPhase section */

/* Begin PBXGroup section */
		16B59AAC2D316C3D00231D09 = {
			isa = PBXGroup;
			children = (
				16B1AE632D361E920075096C /* JWWeekEntity+CoreDataClass.swift */,
				16B1AE642D361E920075096C /* JWWeekEntity+CoreDataProperties.swift */,
				16B1AE652D361E920075096C /* JWWorkoutEntity+CoreDataClass.swift */,
				16B1AE662D361E920075096C /* JWWorkoutEntity+CoreDataProperties.swift */,
				16B1AE672D361E920075096C /* JWWorkoutDayEntity+CoreDataClass.swift */,
				16B1AE682D361E920075096C /* JWWorkoutDayEntity+CoreDataProperties.swift */,
				16B59AF02D34218600231D09 /* DataModel.xcdatamodeld */,
				16B59AB72D316C3D00231D09 /* Workout App for iOS */,
				16B59AC82D316C3F00231D09 /* Workout App for iOSTests */,
				16B59AD22D316C3F00231D09 /* Workout App for iOSUITests */,
				16B59AB62D316C3D00231D09 /* Products */,
				16B59AEA2D34211F00231D09 /* Frameworks */,
			);
			sourceTree = "<group>";
		};
		16B59AB62D316C3D00231D09 /* Products */ = {
			isa = PBXGroup;
			children = (
				16B59AB52D316C3D00231D09 /* Workout App for iOS.app */,
				16B59AC52D316C3F00231D09 /* Workout App for iOSTests.xctest */,
				16B59ACF2D316C3F00231D09 /* Workout App for iOSUITests.xctest */,
			);
			name = Products;
			sourceTree = "<group>";
		};
		16B59AB72D316C3D00231D09 /* Workout App for iOS */ = {
			isa = PBXGroup;
			children = (
				16B59AB82D316C3D00231D09 /* Workout_App_for_iOSApp.swift */,
				16B59ABA2D316C3D00231D09 /* ContentView.swift */,
				16B59AF32D3421F400231D09 /* PersistenceController.swift */,
				16B59AE42D316D9200231D09 /* Welcome_Screen.swift */,
				16B59AE82D31707D00231D09 /* WorkoutSelectorScreen.swift */,
				16B59ABC2D316C3F00231D09 /* Assets.xcassets */,
				16B59ABE2D316C3F00231D09 /* Preview Content */,
			);
			path = "Workout App for iOS";
			sourceTree = "<group>";
		};
		16B59ABE2D316C3F00231D09 /* Preview Content */ = {
			isa = PBXGroup;
			children = (
				16B59ABF2D316C3F00231D09 /* Preview Assets.xcassets */,
			);
			path = "Preview Content";
			sourceTree = "<group>";
		};
		16B59AC82D316C3F00231D09 /* Workout App for iOSTests */ = {
			isa = PBXGroup;
			children = (
				16B59AC92D316C3F00231D09 /* Workout_App_for_iOSTests.swift */,
			);
			path = "Workout App for iOSTests";
			sourceTree = "<group>";
		};
		16B59AD22D316C3F00231D09 /* Workout App for iOSUITests */ = {
			isa = PBXGroup;
			children = (
				16B59AD32D316C3F00231D09 /* Workout_App_for_iOSUITests.swift */,
				16B59AD52D316C3F00231D09 /* Workout_App_for_iOSUITestsLaunchTests.swift */,
			);
			path = "Workout App for iOSUITests";
			sourceTree = "<group>";
		};
		16B59AEA2D34211F00231D09 /* Frameworks */ = {
			isa = PBXGroup;
			children = (
				16B59AEB2D34211F00231D09 /* CoreData.framework */,
			);
			name = Frameworks;
			sourceTree = "<group>";
		};
/* End PBXGroup section */

/* Begin PBXNativeTarget section */
		16B59AB42D316C3D00231D09 /* Workout App for iOS */ = {
			isa = PBXNativeTarget;
			buildConfigurationList = 16B59AD92D316C3F00231D09 /* Build configuration list for PBXNativeTarget "Workout App for iOS" */;
			buildPhases = (
				16B59AB22D316C3D00231D09 /* Frameworks */,
				16B59AB32D316C3D00231D09 /* Resources */,
				16B1AE502D35A0500075096C /* Sources */,
			);
			buildRules = (
			);
			dependencies = (
			);
			name = "Workout App for iOS";
			productName = "Workout App for iOS";
			productReference = 16B59AB52D316C3D00231D09 /* Workout App for iOS.app */;
			productType = "com.apple.product-type.application";
		};
		16B59AC42D316C3F00231D09 /* Workout App for iOSTests */ = {
			isa = PBXNativeTarget;
			buildConfigurationList = 16B59ADC2D316C3F00231D09 /* Build configuration list for PBXNativeTarget "Workout App for iOSTests" */;
			buildPhases = (
				16B59AC12D316C3F00231D09 /* Sources */,
				16B59AC22D316C3F00231D09 /* Frameworks */,
				16B59AC32D316C3F00231D09 /* Resources */,
			);
			buildRules = (
			);
			dependencies = (
				16B59AC72D316C3F00231D09 /* PBXTargetDependency */,
			);
			name = "Workout App for iOSTests";
			productName = "Workout App for iOSTests";
			productReference = 16B59AC52D316C3F00231D09 /* Workout App for iOSTests.xctest */;
			productType = "com.apple.product-type.bundle.unit-test";
		};
		16B59ACE2D316C3F00231D09 /* Workout App for iOSUITests */ = {
			isa = PBXNativeTarget;
			buildConfigurationList = 16B59ADF2D316C3F00231D09 /* Build configuration list for PBXNativeTarget "Workout App for iOSUITests" */;
			buildPhases = (
				16B59ACB2D316C3F00231D09 /* Sources */,
				16B59ACC2D316C3F00231D09 /* Frameworks */,
				16B59ACD2D316C3F00231D09 /* Resources */,
			);
			buildRules = (
			);
			dependencies = (
				16B59AD12D316C3F00231D09 /* PBXTargetDependency */,
			);
			name = "Workout App for iOSUITests";
			productName = "Workout App for iOSUITests";
			productReference = 16B59ACF2D316C3F00231D09 /* Workout App for iOSUITests.xctest */;
			productType = "com.apple.product-type.bundle.ui-testing";
		};
/* End PBXNativeTarget section */

/* Begin PBXProject section */
		16B59AAD2D316C3D00231D09 /* Project object */ = {
			isa = PBXProject;
			attributes = {
				BuildIndependentTargetsInParallel = 1;
				LastSwiftUpdateCheck = 1500;
				LastUpgradeCheck = 1500;
				TargetAttributes = {
					16B59AB42D316C3D00231D09 = {
						CreatedOnToolsVersion = 15.0.1;
					};
					16B59AC42D316C3F00231D09 = {
						CreatedOnToolsVersion = 15.0.1;
						TestTargetID = 16B59AB42D316C3D00231D09;
					};
					16B59ACE2D316C3F00231D09 = {
						CreatedOnToolsVersion = 15.0.1;
						TestTargetID = 16B59AB42D316C3D00231D09;
					};
				};
			};
			buildConfigurationList = 16B59AB02D316C3D00231D09 /* Build configuration list for PBXProject "Workout App for iOS" */;
			compatibilityVersion = "Xcode 14.0";
			developmentRegion = en;
			hasScannedForEncodings = 0;
			knownRegions = (
				en,
				Base,
			);
			mainGroup = 16B59AAC2D316C3D00231D09;
			productRefGroup = 16B59AB62D316C3D00231D09 /* Products */;
			projectDirPath = "";
			projectRoot = "";
			targets = (
				16B59AB42D316C3D00231D09 /* Workout App for iOS */,
				16B59AC42D316C3F00231D09 /* Workout App for iOSTests */,
				16B59ACE2D316C3F00231D09 /* Workout App for iOSUITests */,
			);
		};
/* End PBXProject section */

/* Begin PBXResourcesBuildPhase section */
		16B59AB32D316C3D00231D09 /* Resources */ = {
			isa = PBXResourcesBuildPhase;
			buildActionMask = 2147483647;
			files = (
				16B1AE702D361FEF0075096C /* DataModel.xcdatamodeld in Resources */,
				16B59AC02D316C3F00231D09 /* Preview Assets.xcassets in Resources */,
				16B59ABD2D316C3F00231D09 /* Assets.xcassets in Resources */,
			);
			runOnlyForDeploymentPostprocessing = 0;
		};
		16B59AC32D316C3F00231D09 /* Resources */ = {
			isa = PBXResourcesBuildPhase;
			buildActionMask = 2147483647;
			files = (
			);
			runOnlyForDeploymentPostprocessing = 0;
		};
		16B59ACD2D316C3F00231D09 /* Resources */ = {
			isa = PBXResourcesBuildPhase;
			buildActionMask = 2147483647;
			files = (
			);
			runOnlyForDeploymentPostprocessing = 0;
		};
/* End PBXResourcesBuildPhase section */

/* Begin PBXSourcesBuildPhase section */
		16B1AE502D35A0500075096C /* Sources */ = {
			isa = PBXSourcesBuildPhase;
			buildActionMask = 2147483647;
			files = (
				16B1AE522D35A05F0075096C /* Workout_App_for_iOSApp.swift in Sources */,
				16B1AE532D35A05F0075096C /* ContentView.swift in Sources */,
				16B1AE6C2D361E920075096C /* JWWorkoutEntity+CoreDataProperties.swift in Sources */,
				16B1AE542D35A05F0075096C /* PersistenceController.swift in Sources */,
				16B1AE692D361E920075096C /* JWWeekEntity+CoreDataClass.swift in Sources */,
				16B1AE6D2D361E920075096C /* JWWorkoutDayEntity+CoreDataClass.swift in Sources */,
				16B1AE6A2D361E920075096C /* JWWeekEntity+CoreDataProperties.swift in Sources */,
				16B1AE6E2D361E920075096C /* JWWorkoutDayEntity+CoreDataProperties.swift in Sources */,
				16B1AE6B2D361E920075096C /* JWWorkoutEntity+CoreDataClass.swift in Sources */,
				16B1AE552D35A05F0075096C /* Welcome_Screen.swift in Sources */,
				16B1AE562D35A05F0075096C /* WorkoutSelectorScreen.swift in Sources */,
			);
			runOnlyForDeploymentPostprocessing = 0;
		};
		16B59AC12D316C3F00231D09 /* Sources */ = {
			isa = PBXSourcesBuildPhase;
			buildActionMask = 2147483647;
			files = (
				16B59ACA2D316C3F00231D09 /* Workout_App_for_iOSTests.swift in Sources */,
			);
			runOnlyForDeploymentPostprocessing = 0;
		};
		16B59ACB2D316C3F00231D09 /* Sources */ = {
			isa = PBXSourcesBuildPhase;
			buildActionMask = 2147483647;
			files = (
				16B59AD62D316C3F00231D09 /* Workout_App_for_iOSUITestsLaunchTests.swift in Sources */,
				16B59AD42D316C3F00231D09 /* Workout_App_for_iOSUITests.swift in Sources */,
			);
			runOnlyForDeploymentPostprocessing = 0;
		};
/* End PBXSourcesBuildPhase section */

/* Begin PBXTargetDependency section */
		16B59AC72D316C3F00231D09 /* PBXTargetDependency */ = {
			isa = PBXTargetDependency;
			target = 16B59AB42D316C3D00231D09 /* Workout App for iOS */;
			targetProxy = 16B59AC62D316C3F00231D09 /* PBXContainerItemProxy */;
		};
		16B59AD12D316C3F00231D09 /* PBXTargetDependency */ = {
			isa = PBXTargetDependency;
			target = 16B59AB42D316C3D00231D09 /* Workout App for iOS */;
			targetProxy = 16B59AD02D316C3F00231D09 /* PBXContainerItemProxy */;
		};
/* End PBXTargetDependency section */

/* Begin XCBuildConfiguration section */
		16B59AD72D316C3F00231D09 /* Debug */ = {
			isa = XCBuildConfiguration;
			buildSettings = {
				ALWAYS_SEARCH_USER_PATHS = NO;
				ASSETCATALOG_COMPILER_GENERATE_SWIFT_ASSET_SYMBOL_EXTENSIONS = YES;
				CLANG_ANALYZER_NONNULL = YES;
				CLANG_ANALYZER_NUMBER_OBJECT_CONVERSION = YES_AGGRESSIVE;
				CLANG_CXX_LANGUAGE_STANDARD = "gnu++20";
				CLANG_ENABLE_MODULES = YES;
				CLANG_ENABLE_OBJC_ARC = YES;
				CLANG_ENABLE_OBJC_WEAK = YES;
				CLANG_WARN_BLOCK_CAPTURE_AUTORELEASING = YES;
				CLANG_WARN_BOOL_CONVERSION = YES;
				CLANG_WARN_COMMA = YES;
				CLANG_WARN_CONSTANT_CONVERSION = YES;
				CLANG_WARN_DEPRECATED_OBJC_IMPLEMENTATIONS = YES;
				CLANG_WARN_DIRECT_OBJC_ISA_USAGE = YES_ERROR;
				CLANG_WARN_DOCUMENTATION_COMMENTS = YES;
				CLANG_WARN_EMPTY_BODY = YES;
				CLANG_WARN_ENUM_CONVERSION = YES;
				CLANG_WARN_INFINITE_RECURSION = YES;
				CLANG_WARN_INT_CONVERSION = YES;
				CLANG_WARN_NON_LITERAL_NULL_CONVERSION = YES;
				CLANG_WARN_OBJC_IMPLICIT_RETAIN_SELF = YES;
				CLANG_WARN_OBJC_LITERAL_CONVERSION = YES;
				CLANG_WARN_OBJC_ROOT_CLASS = YES_ERROR;
				CLANG_WARN_QUOTED_INCLUDE_IN_FRAMEWORK_HEADER = YES;
				CLANG_WARN_RANGE_LOOP_ANALYSIS = YES;
				CLANG_WARN_STRICT_PROTOTYPES = YES;
				CLANG_WARN_SUSPICIOUS_MOVE = YES;
				CLANG_WARN_UNGUARDED_AVAILABILITY = YES_AGGRESSIVE;
				CLANG_WARN_UNREACHABLE_CODE = YES;
				CLANG_WARN__DUPLICATE_METHOD_MATCH = YES;
				COPY_PHASE_STRIP = NO;
				DEBUG_INFORMATION_FORMAT = dwarf;
				ENABLE_STRICT_OBJC_MSGSEND = YES;
				ENABLE_TESTABILITY = YES;
				ENABLE_USER_SCRIPT_SANDBOXING = YES;
				GCC_C_LANGUAGE_STANDARD = gnu17;
				GCC_DYNAMIC_NO_PIC = NO;
				GCC_NO_COMMON_BLOCKS = YES;
				GCC_OPTIMIZATION_LEVEL = 0;
				GCC_PREPROCESSOR_DEFINITIONS = (
					"DEBUG=1",
					"$(inherited)",
				);
				GCC_WARN_64_TO_32_BIT_CONVERSION = YES;
				GCC_WARN_ABOUT_RETURN_TYPE = YES_ERROR;
				GCC_WARN_UNDECLARED_SELECTOR = YES;
				GCC_WARN_UNINITIALIZED_AUTOS = YES_AGGRESSIVE;
				GCC_WARN_UNUSED_FUNCTION = YES;
				GCC_WARN_UNUSED_VARIABLE = YES;
				IPHONEOS_DEPLOYMENT_TARGET = 17.0;
				LOCALIZATION_PREFERS_STRING_CATALOGS = YES;
				MTL_ENABLE_DEBUG_INFO = INCLUDE_SOURCE;
				MTL_FAST_MATH = YES;
				ONLY_ACTIVE_ARCH = YES;
				SDKROOT = iphoneos;
				SWIFT_ACTIVE_COMPILATION_CONDITIONS = "DEBUG $(inherited)";
				SWIFT_OPTIMIZATION_LEVEL = "-Onone";
			};
			name = Debug;
		};
		16B59AD82D316C3F00231D09 /* Release */ = {
			isa = XCBuildConfiguration;
			buildSettings = {
				ALWAYS_SEARCH_USER_PATHS = NO;
				ASSETCATALOG_COMPILER_GENERATE_SWIFT_ASSET_SYMBOL_EXTENSIONS = YES;
				CLANG_ANALYZER_NONNULL = YES;
				CLANG_ANALYZER_NUMBER_OBJECT_CONVERSION = YES_AGGRESSIVE;
				CLANG_CXX_LANGUAGE_STANDARD = "gnu++20";
				CLANG_ENABLE_MODULES = YES;
				CLANG_ENABLE_OBJC_ARC = YES;
				CLANG_ENABLE_OBJC_WEAK = YES;
				CLANG_WARN_BLOCK_CAPTURE_AUTORELEASING = YES;
				CLANG_WARN_BOOL_CONVERSION = YES;
				CLANG_WARN_COMMA = YES;
				CLANG_WARN_CONSTANT_CONVERSION = YES;
				CLANG_WARN_DEPRECATED_OBJC_IMPLEMENTATIONS = YES;
				CLANG_WARN_DIRECT_OBJC_ISA_USAGE = YES_ERROR;
				CLANG_WARN_DOCUMENTATION_COMMENTS = YES;
				CLANG_WARN_EMPTY_BODY = YES;
				CLANG_WARN_ENUM_CONVERSION = YES;
				CLANG_WARN_INFINITE_RECURSION = YES;
				CLANG_WARN_INT_CONVERSION = YES;
				CLANG_WARN_NON_LITERAL_NULL_CONVERSION = YES;
				CLANG_WARN_OBJC_IMPLICIT_RETAIN_SELF = YES;
				CLANG_WARN_OBJC_LITERAL_CONVERSION = YES;
				CLANG_WARN_OBJC_ROOT_CLASS = YES_ERROR;
				CLANG_WARN_QUOTED_INCLUDE_IN_FRAMEWORK_HEADER = YES;
				CLANG_WARN_RANGE_LOOP_ANALYSIS = YES;
				CLANG_WARN_STRICT_PROTOTYPES = YES;
				CLANG_WARN_SUSPICIOUS_MOVE = YES;
				CLANG_WARN_UNGUARDED_AVAILABILITY = YES_AGGRESSIVE;
				CLANG_WARN_UNREACHABLE_CODE = YES;
				CLANG_WARN__DUPLICATE_METHOD_MATCH = YES;
				COPY_PHASE_STRIP = NO;
				DEBUG_INFORMATION_FORMAT = "dwarf-with-dsym";
				ENABLE_NS_ASSERTIONS = NO;
				ENABLE_STRICT_OBJC_MSGSEND = YES;
				ENABLE_USER_SCRIPT_SANDBOXING = YES;
				GCC_C_LANGUAGE_STANDARD = gnu17;
				GCC_NO_COMMON_BLOCKS = YES;
				GCC_WARN_64_TO_32_BIT_CONVERSION = YES;
				GCC_WARN_ABOUT_RETURN_TYPE = YES_ERROR;
				GCC_WARN_UNDECLARED_SELECTOR = YES;
				GCC_WARN_UNINITIALIZED_AUTOS = YES_AGGRESSIVE;
				GCC_WARN_UNUSED_FUNCTION = YES;
				GCC_WARN_UNUSED_VARIABLE = YES;
				IPHONEOS_DEPLOYMENT_TARGET = 17.0;
				LOCALIZATION_PREFERS_STRING_CATALOGS = YES;
				MTL_ENABLE_DEBUG_INFO = NO;
				MTL_FAST_MATH = YES;
				SDKROOT = iphoneos;
				SWIFT_COMPILATION_MODE = wholemodule;
				VALIDATE_PRODUCT = YES;
			};
			name = Release;
		};
		16B59ADA2D316C3F00231D09 /* Debug */ = {
			isa = XCBuildConfiguration;
			buildSettings = {
				ASSETCATALOG_COMPILER_APPICON_NAME = AppIcon;
				ASSETCATALOG_COMPILER_GLOBAL_ACCENT_COLOR_NAME = AccentColor;
				CODE_SIGN_STYLE = Automatic;
				CURRENT_PROJECT_VERSION = 1;
				DEVELOPMENT_ASSET_PATHS = "\"Workout App for iOS/Preview Content\"";
				ENABLE_PREVIEWS = YES;
				GENERATE_INFOPLIST_FILE = YES;
				INFOPLIST_KEY_UIApplicationSceneManifest_Generation = YES;
				INFOPLIST_KEY_UIApplicationSupportsIndirectInputEvents = YES;
				INFOPLIST_KEY_UILaunchScreen_Generation = YES;
				INFOPLIST_KEY_UISupportedInterfaceOrientations_iPad = "UIInterfaceOrientationPortrait UIInterfaceOrientationPortraitUpsideDown UIInterfaceOrientationLandscapeLeft UIInterfaceOrientationLandscapeRight";
				INFOPLIST_KEY_UISupportedInterfaceOrientations_iPhone = "UIInterfaceOrientationPortrait UIInterfaceOrientationLandscapeLeft UIInterfaceOrientationLandscapeRight";
				LD_RUNPATH_SEARCH_PATHS = (
					"$(inherited)",
					"@executable_path/Frameworks",
				);
				MARKETING_VERSION = 1.0;
				PRODUCT_BUNDLE_IDENTIFIER = "personal.Workout-App-for-iOS";
				PRODUCT_NAME = "$(TARGET_NAME)";
				SWIFT_EMIT_LOC_STRINGS = YES;
				SWIFT_VERSION = 5.0;
				TARGETED_DEVICE_FAMILY = "1,2";
			};
			name = Debug;
		};
		16B59ADB2D316C3F00231D09 /* Release */ = {
			isa = XCBuildConfiguration;
			buildSettings = {
				ASSETCATALOG_COMPILER_APPICON_NAME = AppIcon;
				ASSETCATALOG_COMPILER_GLOBAL_ACCENT_COLOR_NAME = AccentColor;
				CODE_SIGN_STYLE = Automatic;
				CURRENT_PROJECT_VERSION = 1;
				DEVELOPMENT_ASSET_PATHS = "\"Workout App for iOS/Preview Content\"";
				ENABLE_PREVIEWS = YES;
				GENERATE_INFOPLIST_FILE = YES;
				INFOPLIST_KEY_UIApplicationSceneManifest_Generation = YES;
				INFOPLIST_KEY_UIApplicationSupportsIndirectInputEvents = YES;
				INFOPLIST_KEY_UILaunchScreen_Generation = YES;
				INFOPLIST_KEY_UISupportedInterfaceOrientations_iPad = "UIInterfaceOrientationPortrait UIInterfaceOrientationPortraitUpsideDown UIInterfaceOrientationLandscapeLeft UIInterfaceOrientationLandscapeRight";
				INFOPLIST_KEY_UISupportedInterfaceOrientations_iPhone = "UIInterfaceOrientationPortrait UIInterfaceOrientationLandscapeLeft UIInterfaceOrientationLandscapeRight";
				LD_RUNPATH_SEARCH_PATHS = (
					"$(inherited)",
					"@executable_path/Frameworks",
				);
				MARKETING_VERSION = 1.0;
				PRODUCT_BUNDLE_IDENTIFIER = "personal.Workout-App-for-iOS";
				PRODUCT_NAME = "$(TARGET_NAME)";
				SWIFT_EMIT_LOC_STRINGS = YES;
				SWIFT_VERSION = 5.0;
				TARGETED_DEVICE_FAMILY = "1,2";
			};
			name = Release;
		};
		16B59ADD2D316C3F00231D09 /* Debug */ = {
			isa = XCBuildConfiguration;
			buildSettings = {
				ALWAYS_EMBED_SWIFT_STANDARD_LIBRARIES = YES;
				BUNDLE_LOADER = "$(TEST_HOST)";
				CODE_SIGN_STYLE = Automatic;
				CURRENT_PROJECT_VERSION = 1;
				GENERATE_INFOPLIST_FILE = YES;
				IPHONEOS_DEPLOYMENT_TARGET = 17.0;
				MARKETING_VERSION = 1.0;
				PRODUCT_BUNDLE_IDENTIFIER = "personal.Workout-App-for-iOSTests";
				PRODUCT_NAME = "$(TARGET_NAME)";
				SWIFT_EMIT_LOC_STRINGS = NO;
				SWIFT_VERSION = 5.0;
				TARGETED_DEVICE_FAMILY = "1,2";
				TEST_HOST = "$(BUILT_PRODUCTS_DIR)/Workout App for iOS.app/$(BUNDLE_EXECUTABLE_FOLDER_PATH)/Workout App for iOS";
			};
			name = Debug;
		};
		16B59ADE2D316C3F00231D09 /* Release */ = {
			isa = XCBuildConfiguration;
			buildSettings = {
				ALWAYS_EMBED_SWIFT_STANDARD_LIBRARIES = YES;
				BUNDLE_LOADER = "$(TEST_HOST)";
				CODE_SIGN_STYLE = Automatic;
				CURRENT_PROJECT_VERSION = 1;
				GENERATE_INFOPLIST_FILE = YES;
				IPHONEOS_DEPLOYMENT_TARGET = 17.0;
				MARKETING_VERSION = 1.0;
				PRODUCT_BUNDLE_IDENTIFIER = "personal.Workout-App-for-iOSTests";
				PRODUCT_NAME = "$(TARGET_NAME)";
				SWIFT_EMIT_LOC_STRINGS = NO;
				SWIFT_VERSION = 5.0;
				TARGETED_DEVICE_FAMILY = "1,2";
				TEST_HOST = "$(BUILT_PRODUCTS_DIR)/Workout App for iOS.app/$(BUNDLE_EXECUTABLE_FOLDER_PATH)/Workout App for iOS";
			};
			name = Release;
		};
		16B59AE02D316C3F00231D09 /* Debug */ = {
			isa = XCBuildConfiguration;
			buildSettings = {
				ALWAYS_EMBED_SWIFT_STANDARD_LIBRARIES = YES;
				CODE_SIGN_STYLE = Automatic;
				CURRENT_PROJECT_VERSION = 1;
				GENERATE_INFOPLIST_FILE = YES;
				MARKETING_VERSION = 1.0;
				PRODUCT_BUNDLE_IDENTIFIER = "personal.Workout-App-for-iOSUITests";
				PRODUCT_NAME = "$(TARGET_NAME)";
				SWIFT_EMIT_LOC_STRINGS = NO;
				SWIFT_VERSION = 5.0;
				TARGETED_DEVICE_FAMILY = "1,2";
				TEST_TARGET_NAME = "Workout App for iOS";
			};
			name = Debug;
		};
		16B59AE12D316C3F00231D09 /* Release */ = {
			isa = XCBuildConfiguration;
			buildSettings = {
				ALWAYS_EMBED_SWIFT_STANDARD_LIBRARIES = YES;
				CODE_SIGN_STYLE = Automatic;
				CURRENT_PROJECT_VERSION = 1;
				GENERATE_INFOPLIST_FILE = YES;
				MARKETING_VERSION = 1.0;
				PRODUCT_BUNDLE_IDENTIFIER = "personal.Workout-App-for-iOSUITests";
				PRODUCT_NAME = "$(TARGET_NAME)";
				SWIFT_EMIT_LOC_STRINGS = NO;
				SWIFT_VERSION = 5.0;
				TARGETED_DEVICE_FAMILY = "1,2";
				TEST_TARGET_NAME = "Workout App for iOS";
			};
			name = Release;
		};
/* End XCBuildConfiguration section */

/* Begin XCConfigurationList section */
		16B59AB02D316C3D00231D09 /* Build configuration list for PBXProject "Workout App for iOS" */ = {
			isa = XCConfigurationList;
			buildConfigurations = (
				16B59AD72D316C3F00231D09 /* Debug */,
				16B59AD82D316C3F00231D09 /* Release */,
			);
			defaultConfigurationIsVisible = 0;
			defaultConfigurationName = Release;
		};
		16B59AD92D316C3F00231D09 /* Build configuration list for PBXNativeTarget "Workout App for iOS" */ = {
			isa = XCConfigurationList;
			buildConfigurations = (
				16B59ADA2D316C3F00231D09 /* Debug */,
				16B59ADB2D316C3F00231D09 /* Release */,
			);
			defaultConfigurationIsVisible = 0;
			defaultConfigurationName = Release;
		};
		16B59ADC2D316C3F00231D09 /* Build configuration list for PBXNativeTarget "Workout App for iOSTests" */ = {
			isa = XCConfigurationList;
			buildConfigurations = (
				16B59ADD2D316C3F00231D09 /* Debug */,
				16B59ADE2D316C3F00231D09 /* Release */,
			);
			defaultConfigurationIsVisible = 0;
			defaultConfigurationName = Release;
		};
		16B59ADF2D316C3F00231D09 /* Build configuration list for PBXNativeTarget "Workout App for iOSUITests" */ = {
			isa = XCConfigurationList;
			buildConfigurations = (
				16B59AE02D316C3F00231D09 /* Debug */,
				16B59AE12D316C3F00231D09 /* Release */,
			);
			defaultConfigurationIsVisible = 0;
			defaultConfigurationName = Release;
		};
/* End XCConfigurationList section */

/* Begin XCVersionGroup section */
		16B59AF02D34218600231D09 /* DataModel.xcdatamodeld */ = {
			isa = XCVersionGroup;
			children = (
				16B59AF12D34218600231D09 /* DataModel.xcdatamodel */,
			);
			currentVersion = 16B59AF12D34218600231D09 /* DataModel.xcdatamodel */;
			path = DataModel.xcdatamodeld;
			sourceTree = "<group>";
			versionGroupType = wrapper.xcdatamodel;
		};
/* End XCVersionGroup section */
	};
	rootObject = 16B59AAD2D316C3D00231D09 /* Project object */;
}
